{
  "object": {
    "pins": [
      {
        "package": "libsignal",
        "repositoryURL": "https://github.com/tigase/libsignal",
        "state": {
          "branch": "master",
          "revision": "d23d5af0d729cf66b93cea607f3f84a34b9fddfd",
          "version": null
        }
      },
      {
        "package": "TigaseSwift",
        "repositoryURL": "https://github.com/tigase/tigase-swift",
        "state": {
          "branch": "mix",
          "revision": "dc35dfc456d194cf4efedcc23dac968015206b25",
          "version": null
        }
      },
      {
        "package": "TigaseSwiftOMEMO",
        "repositoryURL": "https://github.com/tigase/tigase-swift-omemo.git",
        "state": {
          "branch": "master",
          "revision": "2f40ea2e2ff7e215948ee6484f2813e6f1c38233",
          "version": null
        }
      }
    ]
  },
  "version": 1
}
